
Microsoft Visual Studio Solution File, Format Version 12.00
# Visual Studio 14
VisualStudioVersion = 14.0.25420.1
MinimumVisualStudioVersion = 10.0.40219.1
Project("{FAE04EC0-301F-11D3-BF4B-00C04F79EFBC}") = "TeduShop.Common", "TeduShop.Common\TeduShop.Common.csproj", "{132A33B2-4C48-4C54-95CC-6E9D652CAA22}"
EndProject
Project("{FAE04EC0-301F-11D3-BF4B-00C04F79EFBC}") = "TeduShop.Model", "TeduShop.Model\TeduShop.Model.csproj", "{278AEEB1-6E84-4442-9998-A3FA0D648FC0}"
EndProject
Project("{FAE04EC0-301F-11D3-BF4B-00C04F79EFBC}") = "TeduShop.Data", "TeduShop.Data\TeduShop.Data.csproj", "{FC60F380-8510-43E3-9B5E-32B4BAC3C382}"
EndProject
Project("{FAE04EC0-301F-11D3-BF4B-00C04F79EFBC}") = "TeduShop.Service", "TeduShop.Service\TeduShop.Service.csproj", "{B8D7793F-69C8-4D27-8DE6-70C5D1984FF8}"
EndProject
Project("{FAE04EC0-301F-11D3-BF4B-00C04F79EFBC}") = "TeduShop.Web", "TeduShop.Web\TeduShop.Web.csproj", "{84437F26-5F39-48D1-8533-70D2DED4FC62}"
EndProject
Project("{FAE04EC0-301F-11D3-BF4B-00C04F79EFBC}") = "TeduShop.UnitTest", "TeduShop.UnitTest\TeduShop.UnitTest.csproj", "{FC3FBA93-C290-4F4E-BB67-1326286C73B1}"
EndProject
Global
	GlobalSection(SolutionConfigurationPlatforms) = preSolution
		Debug|Any CPU = Debug|Any CPU
		Release|Any CPU = Release|Any CPU
	EndGlobalSection
	GlobalSection(ProjectConfigurationPlatforms) = postSolution
		{132A33B2-4C48-4C54-95CC-6E9D652CAA22}.Debug|Any CPU.ActiveCfg = Debug|Any CPU
		{132A33B2-4C48-4C54-95CC-6E9D652CAA22}.Debug|Any CPU.Build.0 = Debug|Any CPU
		{132A33B2-4C48-4C54-95CC-6E9D652CAA22}.Release|Any CPU.ActiveCfg = Release|Any CPU
		{132A33B2-4C48-4C54-95CC-6E9D652CAA22}.Release|Any CPU.Build.0 = Release|Any CPU
		{278AEEB1-6E84-4442-9998-A3FA0D648FC0}.Debug|Any CPU.ActiveCfg = Debug|Any CPU
		{278AEEB1-6E84-4442-9998-A3FA0D648FC0}.Debug|Any CPU.Build.0 = Debug|Any CPU
		{278AEEB1-6E84-4442-9998-A3FA0D648FC0}.Release|Any CPU.ActiveCfg = Release|Any CPU
		{278AEEB1-6E84-4442-9998-A3FA0D648FC0}.Release|Any CPU.Build.0 = Release|Any CPU
		{FC60F380-8510-43E3-9B5E-32B4BAC3C382}.Debug|Any CPU.ActiveCfg = Debug|Any CPU
		{FC60F380-8510-43E3-9B5E-32B4BAC3C382}.Debug|Any CPU.Build.0 = Debug|Any CPU
		{FC60F380-8510-43E3-9B5E-32B4BAC3C382}.Release|Any CPU.ActiveCfg = Release|Any CPU
		{FC60F380-8510-43E3-9B5E-32B4BAC3C382}.Release|Any CPU.Build.0 = Release|Any CPU
		{B8D7793F-69C8-4D27-8DE6-70C5D1984FF8}.Debug|Any CPU.ActiveCfg = Debug|Any CPU
		{B8D7793F-69C8-4D27-8DE6-70C5D1984FF8}.Debug|Any CPU.Build.0 = Debug|Any CPU
		{B8D7793F-69C8-4D27-8DE6-70C5D1984FF8}.Release|Any CPU.ActiveCfg = Release|Any CPU
		{B8D7793F-69C8-4D27-8DE6-70C5D1984FF8}.Release|Any CPU.Build.0 = Release|Any CPU
		{84437F26-5F39-48D1-8533-70D2DED4FC62}.Debug|Any CPU.ActiveCfg = Debug|Any CPU
		{84437F26-5F39-48D1-8533-70D2DED4FC62}.Debug|Any CPU.Build.0 = Debug|Any CPU
		{84437F26-5F39-48D1-8533-70D2DED4FC62}.Release|Any CPU.ActiveCfg = Release|Any CPU
		{84437F26-5F39-48D1-8533-70D2DED4FC62}.Release|Any CPU.Build.0 = Release|Any CPU
		{FC3FBA93-C290-4F4E-BB67-1326286C73B1}.Debug|Any CPU.ActiveCfg = Debug|Any CPU
		{FC3FBA93-C290-4F4E-BB67-1326286C73B1}.Debug|Any CPU.Build.0 = Debug|Any CPU
		{FC3FBA93-C290-4F4E-BB67-1326286C73B1}.Release|Any CPU.ActiveCfg = Release|Any CPU
		{FC3FBA93-C290-4F4E-BB67-1326286C73B1}.Release|Any CPU.Build.0 = Release|Any CPU
	EndGlobalSection
	GlobalSection(SolutionProperties) = preSolution
		HideSolutionNode = FALSE
	EndGlobalSection
EndGlobal
